{
  "requires": true,
  "lockfileVersion": 1,
  "dependencies": {
    "@ionic-native/http": {
      "version": "5.0.0",
      "resolved": "https://registry.npmjs.org/@ionic-native/http/-/http-5.0.0.tgz",
      "integrity": "sha512-cvTxruZfr60oTESz8e9gqxBv+kddvq0j6QwNCuZ1PUsI0HT8B1M9SISVYOm5kOxFzPKymVzZPk7nmzP2uDxy1g==",
      "requires": {
        "@types/cordova": "^0.0.34"
      }
    },
    "@types/cordova": {
      "version": "0.0.34",
      "resolved": "https://registry.npmjs.org/@types/cordova/-/cordova-0.0.34.tgz",
      "integrity": "sha1-6nrd907Ow9dimCegw54smt3HPQQ="
    }
  }
}
